
Microsoft Visual Studio Solution File, Format Version 12.00
# Visual Studio Version 17
VisualStudioVersion = 17.13.35931.197
MinimumVisualStudioVersion = 10.0.40219.1
Project("{FAE04EC0-301F-11D3-BF4B-00C04F79EFBC}") = "CleanArchitectureCQRSPatteren", "CleanArchitectureCQRSPatteren.csproj", "{E8F291BF-DAE8-45E8-83C9-258D57AA0C8D}"
EndProject
Project("{FAE04EC0-301F-11D3-BF4B-00C04F79EFBC}") = "uNIT_cqRS", "..\uNIT_cqRS\uNIT_cqRS.csproj", "{5C32CBF7-0837-2785-B249-4E48B8969BA8}"
EndProject
Project("{FAE04EC0-301F-11D3-BF4B-00C04F79EFBC}") = "CleanArchitectureCQRSPatteren.Infrastructure", "..\CleanArchitectureCQRSPatteren.Infrastructure\CleanArchitectureCQRSPatteren.Infrastructure.csproj", "{02BB2B6F-5710-D8FA-09C2-0E8DF41239BF}"
EndProject
Project("{FAE04EC0-301F-11D3-BF4B-00C04F79EFBC}") = "CleanArchitectureCQRSPatteren.Application", "..\CleanArchitectureCQRSPatteren.Application\CleanArchitectureCQRSPatteren.Application.csproj", "{28D87C77-99D1-EA53-2E46-7FE9DD085564}"
EndProject
Project("{FAE04EC0-301F-11D3-BF4B-00C04F79EFBC}") = "CleanArchitectureCQRSPatteren.Domain", "..\CleanArchitectureCQRSPatteren.Domain\CleanArchitectureCQRSPatteren.Domain.csproj", "{1919D3CC-337F-FD34-E61F-151E01C4B842}"
EndProject
Global
	GlobalSection(SolutionConfigurationPlatforms) = preSolution
		Debug|Any CPU = Debug|Any CPU
		Release|Any CPU = Release|Any CPU
	EndGlobalSection
	GlobalSection(ProjectConfigurationPlatforms) = postSolution
		{E8F291BF-DAE8-45E8-83C9-258D57AA0C8D}.Debug|Any CPU.ActiveCfg = Debug|Any CPU
		{E8F291BF-DAE8-45E8-83C9-258D57AA0C8D}.Debug|Any CPU.Build.0 = Debug|Any CPU
		{E8F291BF-DAE8-45E8-83C9-258D57AA0C8D}.Release|Any CPU.ActiveCfg = Release|Any CPU
		{E8F291BF-DAE8-45E8-83C9-258D57AA0C8D}.Release|Any CPU.Build.0 = Release|Any CPU
		{5C32CBF7-0837-2785-B249-4E48B8969BA8}.Debug|Any CPU.ActiveCfg = Debug|Any CPU
		{5C32CBF7-0837-2785-B249-4E48B8969BA8}.Debug|Any CPU.Build.0 = Debug|Any CPU
		{5C32CBF7-0837-2785-B249-4E48B8969BA8}.Release|Any CPU.ActiveCfg = Release|Any CPU
		{5C32CBF7-0837-2785-B249-4E48B8969BA8}.Release|Any CPU.Build.0 = Release|Any CPU
		{02BB2B6F-5710-D8FA-09C2-0E8DF41239BF}.Debug|Any CPU.ActiveCfg = Debug|Any CPU
		{02BB2B6F-5710-D8FA-09C2-0E8DF41239BF}.Debug|Any CPU.Build.0 = Debug|Any CPU
		{02BB2B6F-5710-D8FA-09C2-0E8DF41239BF}.Release|Any CPU.ActiveCfg = Release|Any CPU
		{02BB2B6F-5710-D8FA-09C2-0E8DF41239BF}.Release|Any CPU.Build.0 = Release|Any CPU
		{28D87C77-99D1-EA53-2E46-7FE9DD085564}.Debug|Any CPU.ActiveCfg = Debug|Any CPU
		{28D87C77-99D1-EA53-2E46-7FE9DD085564}.Debug|Any CPU.Build.0 = Debug|Any CPU
		{28D87C77-99D1-EA53-2E46-7FE9DD085564}.Release|Any CPU.ActiveCfg = Release|Any CPU
		{28D87C77-99D1-EA53-2E46-7FE9DD085564}.Release|Any CPU.Build.0 = Release|Any CPU
		{1919D3CC-337F-FD34-E61F-151E01C4B842}.Debug|Any CPU.ActiveCfg = Debug|Any CPU
		{1919D3CC-337F-FD34-E61F-151E01C4B842}.Debug|Any CPU.Build.0 = Debug|Any CPU
		{1919D3CC-337F-FD34-E61F-151E01C4B842}.Release|Any CPU.ActiveCfg = Release|Any CPU
		{1919D3CC-337F-FD34-E61F-151E01C4B842}.Release|Any CPU.Build.0 = Release|Any CPU
	EndGlobalSection
	GlobalSection(SolutionProperties) = preSolution
		HideSolutionNode = FALSE
	EndGlobalSection
	GlobalSection(ExtensibilityGlobals) = postSolution
		SolutionGuid = {F1371D9F-49F8-4FA2-9132-9D9122427419}
	EndGlobalSection
EndGlobal
